
Microsoft Visual Studio Solution File, Format Version 12.00
# Visual Studio Version 16
VisualStudioVersion = 16.0.31410.357
MinimumVisualStudioVersion = 10.0.40219.1
Project("{FAE04EC0-301F-11D3-BF4B-00C04F79EFBC}") = "DemoPrintPDF", "DemoPrintPDF\DemoPrintPDF.csproj", "{B6640DA2-7EF0-46A0-92DB-5C931B64672C}"
EndProject
Global
	GlobalSection(SolutionConfigurationPlatforms) = preSolution
		Debug|Any CPU = Debug|Any CPU
		Release|Any CPU = Release|Any CPU
	EndGlobalSection
	GlobalSection(ProjectConfigurationPlatforms) = postSolution
		{B6640DA2-7EF0-46A0-92DB-5C931B64672C}.Debug|Any CPU.ActiveCfg = Debug|Any CPU
		{B6640DA2-7EF0-46A0-92DB-5C931B64672C}.Debug|Any CPU.Build.0 = Debug|Any CPU
		{B6640DA2-7EF0-46A0-92DB-5C931B64672C}.Release|Any CPU.ActiveCfg = Release|Any CPU
		{B6640DA2-7EF0-46A0-92DB-5C931B64672C}.Release|Any CPU.Build.0 = Release|Any CPU
	EndGlobalSection
	GlobalSection(SolutionProperties) = preSolution
		HideSolutionNode = FALSE
	EndGlobalSection
	GlobalSection(ExtensibilityGlobals) = postSolution
		SolutionGuid = {7D53A95E-34A9-4020-B103-9F884C777955}
	EndGlobalSection
EndGlobal
